
Microsoft Visual Studio Solution File, Format Version 12.00
# Visual Studio 15
VisualStudioVersion = 15.0.28307.705
MinimumVisualStudioVersion = 10.0.40219.1
Project("{8BC9CEB8-8B4A-11D0-8D11-00A0C91BC942}") = "Project11", "Project11.vcxproj", "{35148BEA-E2EB-4B27-BC40-3E908411020C}"
EndProject
Global
	GlobalSection(SolutionConfigurationPlatforms) = preSolution
		Debug|x64 = Debug|x64
		Debug|x86 = Debug|x86
		Release|x64 = Release|x64
		Release|x86 = Release|x86
	EndGlobalSection
	GlobalSection(ProjectConfigurationPlatforms) = postSolution
		{35148BEA-E2EB-4B27-BC40-3E908411020C}.Debug|x64.ActiveCfg = Debug|x64
		{35148BEA-E2EB-4B27-BC40-3E908411020C}.Debug|x64.Build.0 = Debug|x64
		{35148BEA-E2EB-4B27-BC40-3E908411020C}.Debug|x86.ActiveCfg = Debug|Win32
		{35148BEA-E2EB-4B27-BC40-3E908411020C}.Debug|x86.Build.0 = Debug|Win32
		{35148BEA-E2EB-4B27-BC40-3E908411020C}.Release|x64.ActiveCfg = Release|x64
		{35148BEA-E2EB-4B27-BC40-3E908411020C}.Release|x64.Build.0 = Release|x64
		{35148BEA-E2EB-4B27-BC40-3E908411020C}.Release|x86.ActiveCfg = Release|Win32
		{35148BEA-E2EB-4B27-BC40-3E908411020C}.Release|x86.Build.0 = Release|Win32
	EndGlobalSection
	GlobalSection(SolutionProperties) = preSolution
		HideSolutionNode = FALSE
	EndGlobalSection
	GlobalSection(ExtensibilityGlobals) = postSolution
		SolutionGuid = {BBEB01E1-D55E-4D8F-823D-7E64B720478F}
	EndGlobalSection
EndGlobal
