
Microsoft Visual Studio Solution File, Format Version 12.00
# Visual Studio 15
VisualStudioVersion = 15.0.28307.705
MinimumVisualStudioVersion = 10.0.40219.1
Project("{8BC9CEB8-8B4A-11D0-8D11-00A0C91BC942}") = "0812", "0812.vcxproj", "{B080160D-A624-4D8F-B47C-C2984357DCD3}"
EndProject
Global
	GlobalSection(SolutionConfigurationPlatforms) = preSolution
		Debug|x64 = Debug|x64
		Debug|x86 = Debug|x86
		Release|x64 = Release|x64
		Release|x86 = Release|x86
	EndGlobalSection
	GlobalSection(ProjectConfigurationPlatforms) = postSolution
		{B080160D-A624-4D8F-B47C-C2984357DCD3}.Debug|x64.ActiveCfg = Debug|x64
		{B080160D-A624-4D8F-B47C-C2984357DCD3}.Debug|x64.Build.0 = Debug|x64
		{B080160D-A624-4D8F-B47C-C2984357DCD3}.Debug|x86.ActiveCfg = Debug|Win32
		{B080160D-A624-4D8F-B47C-C2984357DCD3}.Debug|x86.Build.0 = Debug|Win32
		{B080160D-A624-4D8F-B47C-C2984357DCD3}.Release|x64.ActiveCfg = Release|x64
		{B080160D-A624-4D8F-B47C-C2984357DCD3}.Release|x64.Build.0 = Release|x64
		{B080160D-A624-4D8F-B47C-C2984357DCD3}.Release|x86.ActiveCfg = Release|Win32
		{B080160D-A624-4D8F-B47C-C2984357DCD3}.Release|x86.Build.0 = Release|Win32
	EndGlobalSection
	GlobalSection(SolutionProperties) = preSolution
		HideSolutionNode = FALSE
	EndGlobalSection
	GlobalSection(ExtensibilityGlobals) = postSolution
		SolutionGuid = {F94B04BC-CBCA-497C-A039-2877905B7BB9}
	EndGlobalSection
EndGlobal
