
Microsoft Visual Studio Solution File, Format Version 12.00
# Visual Studio 15
VisualStudioVersion = 15.0.28307.705
MinimumVisualStudioVersion = 10.0.40219.1
Project("{8BC9CEB8-8B4A-11D0-8D11-00A0C91BC942}") = "Project6", "Project6.vcxproj", "{11367758-10F7-4636-BA2B-913414A65301}"
EndProject
Global
	GlobalSection(SolutionConfigurationPlatforms) = preSolution
		Debug|x64 = Debug|x64
		Debug|x86 = Debug|x86
		Release|x64 = Release|x64
		Release|x86 = Release|x86
	EndGlobalSection
	GlobalSection(ProjectConfigurationPlatforms) = postSolution
		{11367758-10F7-4636-BA2B-913414A65301}.Debug|x64.ActiveCfg = Debug|x64
		{11367758-10F7-4636-BA2B-913414A65301}.Debug|x64.Build.0 = Debug|x64
		{11367758-10F7-4636-BA2B-913414A65301}.Debug|x86.ActiveCfg = Debug|Win32
		{11367758-10F7-4636-BA2B-913414A65301}.Debug|x86.Build.0 = Debug|Win32
		{11367758-10F7-4636-BA2B-913414A65301}.Release|x64.ActiveCfg = Release|x64
		{11367758-10F7-4636-BA2B-913414A65301}.Release|x64.Build.0 = Release|x64
		{11367758-10F7-4636-BA2B-913414A65301}.Release|x86.ActiveCfg = Release|Win32
		{11367758-10F7-4636-BA2B-913414A65301}.Release|x86.Build.0 = Release|Win32
	EndGlobalSection
	GlobalSection(SolutionProperties) = preSolution
		HideSolutionNode = FALSE
	EndGlobalSection
	GlobalSection(ExtensibilityGlobals) = postSolution
		SolutionGuid = {15402B93-2B68-411A-A087-07AE51847C01}
	EndGlobalSection
EndGlobal
