
Microsoft Visual Studio Solution File, Format Version 12.00
# Visual Studio 15
VisualStudioVersion = 15.0.28307.705
MinimumVisualStudioVersion = 10.0.40219.1
Project("{8BC9CEB8-8B4A-11D0-8D11-00A0C91BC942}") = "0811", "0811.vcxproj", "{5FB33109-3FFB-4C1F-B5FF-1D2BADAAE730}"
EndProject
Global
	GlobalSection(SolutionConfigurationPlatforms) = preSolution
		Debug|x64 = Debug|x64
		Debug|x86 = Debug|x86
		Release|x64 = Release|x64
		Release|x86 = Release|x86
	EndGlobalSection
	GlobalSection(ProjectConfigurationPlatforms) = postSolution
		{5FB33109-3FFB-4C1F-B5FF-1D2BADAAE730}.Debug|x64.ActiveCfg = Debug|x64
		{5FB33109-3FFB-4C1F-B5FF-1D2BADAAE730}.Debug|x64.Build.0 = Debug|x64
		{5FB33109-3FFB-4C1F-B5FF-1D2BADAAE730}.Debug|x86.ActiveCfg = Debug|Win32
		{5FB33109-3FFB-4C1F-B5FF-1D2BADAAE730}.Debug|x86.Build.0 = Debug|Win32
		{5FB33109-3FFB-4C1F-B5FF-1D2BADAAE730}.Release|x64.ActiveCfg = Release|x64
		{5FB33109-3FFB-4C1F-B5FF-1D2BADAAE730}.Release|x64.Build.0 = Release|x64
		{5FB33109-3FFB-4C1F-B5FF-1D2BADAAE730}.Release|x86.ActiveCfg = Release|Win32
		{5FB33109-3FFB-4C1F-B5FF-1D2BADAAE730}.Release|x86.Build.0 = Release|Win32
	EndGlobalSection
	GlobalSection(SolutionProperties) = preSolution
		HideSolutionNode = FALSE
	EndGlobalSection
	GlobalSection(ExtensibilityGlobals) = postSolution
		SolutionGuid = {C11E8FE7-5509-4F15-A599-0EDE8E4F9949}
	EndGlobalSection
EndGlobal
