
Microsoft Visual Studio Solution File, Format Version 12.00
# Visual Studio 15
VisualStudioVersion = 15.0.28307.705
MinimumVisualStudioVersion = 10.0.40219.1
Project("{8BC9CEB8-8B4A-11D0-8D11-00A0C91BC942}") = "0807", "0807.vcxproj", "{D95318E6-92AA-4001-B1C9-026D136729FD}"
EndProject
Global
	GlobalSection(SolutionConfigurationPlatforms) = preSolution
		Debug|x64 = Debug|x64
		Debug|x86 = Debug|x86
		Release|x64 = Release|x64
		Release|x86 = Release|x86
	EndGlobalSection
	GlobalSection(ProjectConfigurationPlatforms) = postSolution
		{D95318E6-92AA-4001-B1C9-026D136729FD}.Debug|x64.ActiveCfg = Debug|x64
		{D95318E6-92AA-4001-B1C9-026D136729FD}.Debug|x64.Build.0 = Debug|x64
		{D95318E6-92AA-4001-B1C9-026D136729FD}.Debug|x86.ActiveCfg = Debug|Win32
		{D95318E6-92AA-4001-B1C9-026D136729FD}.Debug|x86.Build.0 = Debug|Win32
		{D95318E6-92AA-4001-B1C9-026D136729FD}.Release|x64.ActiveCfg = Release|x64
		{D95318E6-92AA-4001-B1C9-026D136729FD}.Release|x64.Build.0 = Release|x64
		{D95318E6-92AA-4001-B1C9-026D136729FD}.Release|x86.ActiveCfg = Release|Win32
		{D95318E6-92AA-4001-B1C9-026D136729FD}.Release|x86.Build.0 = Release|Win32
	EndGlobalSection
	GlobalSection(SolutionProperties) = preSolution
		HideSolutionNode = FALSE
	EndGlobalSection
	GlobalSection(ExtensibilityGlobals) = postSolution
		SolutionGuid = {1B090037-2044-4B14-A117-C61978C76BB1}
	EndGlobalSection
EndGlobal
