
Microsoft Visual Studio Solution File, Format Version 12.00
# Visual Studio 15
VisualStudioVersion = 15.0.28307.705
MinimumVisualStudioVersion = 10.0.40219.1
Project("{8BC9CEB8-8B4A-11D0-8D11-00A0C91BC942}") = "threechess", "threechess.vcxproj", "{EFA7B766-7EE1-4628-9065-53FE94C47D1E}"
EndProject
Global
	GlobalSection(SolutionConfigurationPlatforms) = preSolution
		Debug|x64 = Debug|x64
		Debug|x86 = Debug|x86
		Release|x64 = Release|x64
		Release|x86 = Release|x86
	EndGlobalSection
	GlobalSection(ProjectConfigurationPlatforms) = postSolution
		{EFA7B766-7EE1-4628-9065-53FE94C47D1E}.Debug|x64.ActiveCfg = Debug|x64
		{EFA7B766-7EE1-4628-9065-53FE94C47D1E}.Debug|x64.Build.0 = Debug|x64
		{EFA7B766-7EE1-4628-9065-53FE94C47D1E}.Debug|x86.ActiveCfg = Debug|Win32
		{EFA7B766-7EE1-4628-9065-53FE94C47D1E}.Debug|x86.Build.0 = Debug|Win32
		{EFA7B766-7EE1-4628-9065-53FE94C47D1E}.Release|x64.ActiveCfg = Release|x64
		{EFA7B766-7EE1-4628-9065-53FE94C47D1E}.Release|x64.Build.0 = Release|x64
		{EFA7B766-7EE1-4628-9065-53FE94C47D1E}.Release|x86.ActiveCfg = Release|Win32
		{EFA7B766-7EE1-4628-9065-53FE94C47D1E}.Release|x86.Build.0 = Release|Win32
	EndGlobalSection
	GlobalSection(SolutionProperties) = preSolution
		HideSolutionNode = FALSE
	EndGlobalSection
	GlobalSection(ExtensibilityGlobals) = postSolution
		SolutionGuid = {C569B2E8-D4C9-4D1A-9238-7985079C9640}
	EndGlobalSection
EndGlobal
