
Microsoft Visual Studio Solution File, Format Version 12.00
# Visual Studio 15
VisualStudioVersion = 15.0.28307.705
MinimumVisualStudioVersion = 10.0.40219.1
Project("{8BC9CEB8-8B4A-11D0-8D11-00A0C91BC942}") = "Project7", "Project7.vcxproj", "{DFAFBF6D-00CA-42C8-87F1-7BFAF3A6D392}"
EndProject
Global
	GlobalSection(SolutionConfigurationPlatforms) = preSolution
		Debug|x64 = Debug|x64
		Debug|x86 = Debug|x86
		Release|x64 = Release|x64
		Release|x86 = Release|x86
	EndGlobalSection
	GlobalSection(ProjectConfigurationPlatforms) = postSolution
		{DFAFBF6D-00CA-42C8-87F1-7BFAF3A6D392}.Debug|x64.ActiveCfg = Debug|x64
		{DFAFBF6D-00CA-42C8-87F1-7BFAF3A6D392}.Debug|x64.Build.0 = Debug|x64
		{DFAFBF6D-00CA-42C8-87F1-7BFAF3A6D392}.Debug|x86.ActiveCfg = Debug|Win32
		{DFAFBF6D-00CA-42C8-87F1-7BFAF3A6D392}.Debug|x86.Build.0 = Debug|Win32
		{DFAFBF6D-00CA-42C8-87F1-7BFAF3A6D392}.Release|x64.ActiveCfg = Release|x64
		{DFAFBF6D-00CA-42C8-87F1-7BFAF3A6D392}.Release|x64.Build.0 = Release|x64
		{DFAFBF6D-00CA-42C8-87F1-7BFAF3A6D392}.Release|x86.ActiveCfg = Release|Win32
		{DFAFBF6D-00CA-42C8-87F1-7BFAF3A6D392}.Release|x86.Build.0 = Release|Win32
	EndGlobalSection
	GlobalSection(SolutionProperties) = preSolution
		HideSolutionNode = FALSE
	EndGlobalSection
	GlobalSection(ExtensibilityGlobals) = postSolution
		SolutionGuid = {E91F6999-0505-471C-8DCC-9320F770D327}
	EndGlobalSection
EndGlobal
