
Microsoft Visual Studio Solution File, Format Version 12.00
# Visual Studio 15
VisualStudioVersion = 15.0.28307.705
MinimumVisualStudioVersion = 10.0.40219.1
Project("{8BC9CEB8-8B4A-11D0-8D11-00A0C91BC942}") = "0821", "0821.vcxproj", "{858ABAF3-F9AC-463D-82B4-96EE5D8973BB}"
EndProject
Global
	GlobalSection(SolutionConfigurationPlatforms) = preSolution
		Debug|x64 = Debug|x64
		Debug|x86 = Debug|x86
		Release|x64 = Release|x64
		Release|x86 = Release|x86
	EndGlobalSection
	GlobalSection(ProjectConfigurationPlatforms) = postSolution
		{858ABAF3-F9AC-463D-82B4-96EE5D8973BB}.Debug|x64.ActiveCfg = Debug|x64
		{858ABAF3-F9AC-463D-82B4-96EE5D8973BB}.Debug|x64.Build.0 = Debug|x64
		{858ABAF3-F9AC-463D-82B4-96EE5D8973BB}.Debug|x86.ActiveCfg = Debug|Win32
		{858ABAF3-F9AC-463D-82B4-96EE5D8973BB}.Debug|x86.Build.0 = Debug|Win32
		{858ABAF3-F9AC-463D-82B4-96EE5D8973BB}.Release|x64.ActiveCfg = Release|x64
		{858ABAF3-F9AC-463D-82B4-96EE5D8973BB}.Release|x64.Build.0 = Release|x64
		{858ABAF3-F9AC-463D-82B4-96EE5D8973BB}.Release|x86.ActiveCfg = Release|Win32
		{858ABAF3-F9AC-463D-82B4-96EE5D8973BB}.Release|x86.Build.0 = Release|Win32
	EndGlobalSection
	GlobalSection(SolutionProperties) = preSolution
		HideSolutionNode = FALSE
	EndGlobalSection
	GlobalSection(ExtensibilityGlobals) = postSolution
		SolutionGuid = {66F99365-0D5F-4D96-84B1-2EC9CEBEE27F}
	EndGlobalSection
EndGlobal
